
Microsoft Visual Studio Solution File, Format Version 12.00
# Visual Studio Version 16
VisualStudioVersion = 16.0.29519.87
MinimumVisualStudioVersion = 10.0.40219.1
Project("{8BC9CEB8-8B4A-11D0-8D11-00A0C91BC942}") = "Код Хэмминга", "Код Хэмминга\Код Хэмминга.vcxproj", "{D8120EC4-B730-4BD8-9594-95A7710B7DA0}"
EndProject
Global
	GlobalSection(SolutionConfigurationPlatforms) = preSolution
		Debug|x64 = Debug|x64
		Debug|x86 = Debug|x86
		Release|x64 = Release|x64
		Release|x86 = Release|x86
	EndGlobalSection
	GlobalSection(ProjectConfigurationPlatforms) = postSolution
		{D8120EC4-B730-4BD8-9594-95A7710B7DA0}.Debug|x64.ActiveCfg = Debug|x64
		{D8120EC4-B730-4BD8-9594-95A7710B7DA0}.Debug|x64.Build.0 = Debug|x64
		{D8120EC4-B730-4BD8-9594-95A7710B7DA0}.Debug|x86.ActiveCfg = Debug|Win32
		{D8120EC4-B730-4BD8-9594-95A7710B7DA0}.Debug|x86.Build.0 = Debug|Win32
		{D8120EC4-B730-4BD8-9594-95A7710B7DA0}.Release|x64.ActiveCfg = Release|x64
		{D8120EC4-B730-4BD8-9594-95A7710B7DA0}.Release|x64.Build.0 = Release|x64
		{D8120EC4-B730-4BD8-9594-95A7710B7DA0}.Release|x86.ActiveCfg = Release|Win32
		{D8120EC4-B730-4BD8-9594-95A7710B7DA0}.Release|x86.Build.0 = Release|Win32
	EndGlobalSection
	GlobalSection(SolutionProperties) = preSolution
		HideSolutionNode = FALSE
	EndGlobalSection
	GlobalSection(ExtensibilityGlobals) = postSolution
		SolutionGuid = {6C647D6E-8FE1-49F9-B487-2E10689321A7}
	EndGlobalSection
EndGlobal
