
Microsoft Visual Studio Solution File, Format Version 12.00
# Visual Studio Version 16
VisualStudioVersion = 16.0.29519.87
MinimumVisualStudioVersion = 10.0.40219.1
Project("{8BC9CEB8-8B4A-11D0-8D11-00A0C91BC942}") = "Задача №112491. Моделирование стека", "Задача №112491. Моделирование стека\Задача №112491. Моделирование стека.vcxproj", "{9766BE0C-DBF4-44C7-940E-0E839EA55F54}"
EndProject
Global
	GlobalSection(SolutionConfigurationPlatforms) = preSolution
		Debug|x64 = Debug|x64
		Debug|x86 = Debug|x86
		Release|x64 = Release|x64
		Release|x86 = Release|x86
	EndGlobalSection
	GlobalSection(ProjectConfigurationPlatforms) = postSolution
		{9766BE0C-DBF4-44C7-940E-0E839EA55F54}.Debug|x64.ActiveCfg = Debug|x64
		{9766BE0C-DBF4-44C7-940E-0E839EA55F54}.Debug|x64.Build.0 = Debug|x64
		{9766BE0C-DBF4-44C7-940E-0E839EA55F54}.Debug|x86.ActiveCfg = Debug|Win32
		{9766BE0C-DBF4-44C7-940E-0E839EA55F54}.Debug|x86.Build.0 = Debug|Win32
		{9766BE0C-DBF4-44C7-940E-0E839EA55F54}.Release|x64.ActiveCfg = Release|x64
		{9766BE0C-DBF4-44C7-940E-0E839EA55F54}.Release|x64.Build.0 = Release|x64
		{9766BE0C-DBF4-44C7-940E-0E839EA55F54}.Release|x86.ActiveCfg = Release|Win32
		{9766BE0C-DBF4-44C7-940E-0E839EA55F54}.Release|x86.Build.0 = Release|Win32
	EndGlobalSection
	GlobalSection(SolutionProperties) = preSolution
		HideSolutionNode = FALSE
	EndGlobalSection
	GlobalSection(ExtensibilityGlobals) = postSolution
		SolutionGuid = {B1F10C9D-7777-4760-AD0C-138E85665ACC}
	EndGlobalSection
EndGlobal
