
Microsoft Visual Studio Solution File, Format Version 12.00
# Visual Studio Version 16
VisualStudioVersion = 16.0.29519.87
MinimumVisualStudioVersion = 10.0.40219.1
Project("{8BC9CEB8-8B4A-11D0-8D11-00A0C91BC942}") = "№112508. Колода карт", "№112508. Колода карт\№112508. Колода карт.vcxproj", "{D456EA8E-0CAF-4E21-A9FD-5A1E72C51096}"
EndProject
Global
	GlobalSection(SolutionConfigurationPlatforms) = preSolution
		Debug|x64 = Debug|x64
		Debug|x86 = Debug|x86
		Release|x64 = Release|x64
		Release|x86 = Release|x86
	EndGlobalSection
	GlobalSection(ProjectConfigurationPlatforms) = postSolution
		{D456EA8E-0CAF-4E21-A9FD-5A1E72C51096}.Debug|x64.ActiveCfg = Debug|x64
		{D456EA8E-0CAF-4E21-A9FD-5A1E72C51096}.Debug|x64.Build.0 = Debug|x64
		{D456EA8E-0CAF-4E21-A9FD-5A1E72C51096}.Debug|x86.ActiveCfg = Debug|Win32
		{D456EA8E-0CAF-4E21-A9FD-5A1E72C51096}.Debug|x86.Build.0 = Debug|Win32
		{D456EA8E-0CAF-4E21-A9FD-5A1E72C51096}.Release|x64.ActiveCfg = Release|x64
		{D456EA8E-0CAF-4E21-A9FD-5A1E72C51096}.Release|x64.Build.0 = Release|x64
		{D456EA8E-0CAF-4E21-A9FD-5A1E72C51096}.Release|x86.ActiveCfg = Release|Win32
		{D456EA8E-0CAF-4E21-A9FD-5A1E72C51096}.Release|x86.Build.0 = Release|Win32
	EndGlobalSection
	GlobalSection(SolutionProperties) = preSolution
		HideSolutionNode = FALSE
	EndGlobalSection
	GlobalSection(ExtensibilityGlobals) = postSolution
		SolutionGuid = {64F062F2-E047-4D7C-AE1D-A33FAC32666A}
	EndGlobalSection
EndGlobal
